
Microsoft Visual Studio Solution File, Format Version 12.00
# Visual Studio Version 17
VisualStudioVersion = 17.0.32112.339
MinimumVisualStudioVersion = 10.0.40219.1
Project("{FAE04EC0-301F-11D3-BF4B-00C04F79EFBC}") = "MyCalculator", "MyCalculator\MyCalculator.csproj", "{94B0BF5E-1118-4C02-B509-E0ACD8734CD3}"
EndProject
Project("{FAE04EC0-301F-11D3-BF4B-00C04F79EFBC}") = "Calculator.Test.Unit", "Calculator.Test.Unit\Calculator.Test.Unit.csproj", "{8A04E57D-4EF8-49AA-AE51-018AABC52700}"
EndProject
Global
	GlobalSection(SolutionConfigurationPlatforms) = preSolution
		Debug|Any CPU = Debug|Any CPU
		Release|Any CPU = Release|Any CPU
	EndGlobalSection
	GlobalSection(ProjectConfigurationPlatforms) = postSolution
		{94B0BF5E-1118-4C02-B509-E0ACD8734CD3}.Debug|Any CPU.ActiveCfg = Debug|Any CPU
		{94B0BF5E-1118-4C02-B509-E0ACD8734CD3}.Debug|Any CPU.Build.0 = Debug|Any CPU
		{94B0BF5E-1118-4C02-B509-E0ACD8734CD3}.Release|Any CPU.ActiveCfg = Release|Any CPU
		{94B0BF5E-1118-4C02-B509-E0ACD8734CD3}.Release|Any CPU.Build.0 = Release|Any CPU
		{8A04E57D-4EF8-49AA-AE51-018AABC52700}.Debug|Any CPU.ActiveCfg = Debug|Any CPU
		{8A04E57D-4EF8-49AA-AE51-018AABC52700}.Debug|Any CPU.Build.0 = Debug|Any CPU
		{8A04E57D-4EF8-49AA-AE51-018AABC52700}.Release|Any CPU.ActiveCfg = Release|Any CPU
		{8A04E57D-4EF8-49AA-AE51-018AABC52700}.Release|Any CPU.Build.0 = Release|Any CPU
	EndGlobalSection
	GlobalSection(SolutionProperties) = preSolution
		HideSolutionNode = FALSE
	EndGlobalSection
	GlobalSection(ExtensibilityGlobals) = postSolution
		SolutionGuid = {8BDFECDE-D6CD-4ABD-8D78-0AFB0F1888FD}
	EndGlobalSection
EndGlobal
